dependencies:
- name: mongodb
  repository: https://charts.bitnami.com/bitnami
  version: 10.29.0
- name: guardian-message-broker
  repository: file://../guardian-message-broker
  version: 0.1.0
digest: sha256:7617a0dea53595f4cd2c6e9753d9e1ffdf2e98671a7e341d0b86f4e02f7f9adf
generated: "2022-01-31T10:53:42.432775+11:00"
